// !$*UTF8*$!
{
	archiveVersion = 1;
	classes = {
	};
	objectVersion = 46;
	objects = {

/* Begin PBXBuildFile section */
		F107EDEB1DB7A36F00116DAC /* UIImage+WJC.swift in Sources */ = {isa = PBXBuildFile; fileRef = F107EDEA1DB7A36F00116DAC /* UIImage+WJC.swift */; };
		F107EDED1DB7A38600116DAC /* UIColor+WJC.swift in Sources */ = {isa = PBXBuildFile; fileRef = F107EDEC1DB7A38600116DAC /* UIColor+WJC.swift */; };
		F15B8ACD1DB6461F002177FE /* AppDelegate.swift in Sources */ = {isa = PBXBuildFile; fileRef = F15B8ACC1DB6461F002177FE /* AppDelegate.swift */; };
		F15B8ACF1DB6461F002177FE /* ViewController.swift in Sources */ = {isa = PBXBuildFile; fileRef = F15B8ACE1DB6461F002177FE /* ViewController.swift */; };
		F15B8AD41DB6461F002177FE /* Assets.xcassets in Resources */ = {isa = PBXBuildFile; fileRef = F15B8AD31DB6461F002177FE /* Assets.xcassets */; };
		F15B8AD71DB6461F002177FE /* LaunchScreen.storyboard in Resources */ = {isa = PBXBuildFile; fileRef = F15B8AD51DB6461F002177FE /* LaunchScreen.storyboard */; };
		F15B8AE01DB64684002177FE /* WJCAnimation.swift in Sources */ = {isa = PBXBuildFile; fileRef = F15B8ADF1DB64684002177FE /* WJCAnimation.swift */; };
/* End PBXBuildFile section */

/* Begin PBXFileReference section */
		F107EDEA1DB7A36F00116DAC /* UIImage+WJC.swift */ = {isa = PBXFileReference; fileEncoding = 4; lastKnownFileType = sourcecode.swift; path = "UIImage+WJC.swift"; sourceTree = "<group>"; };
		F107EDEC1DB7A38600116DAC /* UIColor+WJC.swift */ = {isa = PBXFileReference; fileEncoding = 4; lastKnownFileType = sourcecode.swift; path = "UIColor+WJC.swift"; sourceTree = "<group>"; };
		F15B8AC91DB6461F002177FE /* Demo.app */ = {isa = PBXFileReference; explicitFileType = wrapper.application; includeInIndex = 0; path = Demo.app; sourceTree = BUILT_PRODUCTS_DIR; };
		F15B8ACC1DB6461F002177FE /* AppDelegate.swift */ = {isa = PBXFileReference; lastKnownFileType = sourcecode.swift; path = AppDelegate.swift; sourceTree = "<group>"; };
		F15B8ACE1DB6461F002177FE /* ViewController.swift */ = {isa = PBXFileReference; lastKnownFileType = sourcecode.swift; path = ViewController.swift; sourceTree = "<group>"; };
		F15B8AD31DB6461F002177FE /* Assets.xcassets */ = {isa = PBXFileReference; lastKnownFileType = folder.assetcatalog; path = Assets.xcassets; sourceTree = "<group>"; };
		F15B8AD61DB6461F002177FE /* Base */ = {isa = PBXFileReference; lastKnownFileType = file.storyboard; name = Base; path = Base.lproj/LaunchScreen.storyboard; sourceTree = "<group>"; };
		F15B8AD81DB6461F002177FE /* Info.plist */ = {isa = PBXFileReference; lastKnownFileType = text.plist.xml; path = Info.plist; sourceTree = "<group>"; };
		F15B8ADF1DB64684002177FE /* WJCAnimation.swift */ = {isa = PBXFileReference; fileEncoding = 4; lastKnownFileType = sourcecode.swift; path = WJCAnimation.swift; sourceTree = "<group>"; };
/* End PBXFileReference section */

/* Begin PBXFrameworksBuildPhase section */
		F15B8AC61DB6461F002177FE /* Frameworks */ = {
			isa = PBXFrameworksBuildPhase;
			buildActionMask = 2147483647;
			files = (
			);
			runOnlyForDeploymentPostprocessing = 0;
		};
/* End PBXFrameworksBuildPhase section */

/* Begin PBXGroup section */
		F15B8AC01DB6461F002177FE = {
			isa = PBXGroup;
			children = (
				F15B8ACB1DB6461F002177FE /* Demo */,
				F15B8ACA1DB6461F002177FE /* Products */,
			);
			sourceTree = "<group>";
		};
		F15B8ACA1DB6461F002177FE /* Products */ = {
			isa = PBXGroup;
			children = (
				F15B8AC91DB6461F002177FE /* Demo.app */,
			);
			name = Products;
			sourceTree = "<group>";
		};
		F15B8ACB1DB6461F002177FE /* Demo */ = {
			isa = PBXGroup;
			children = (
				F15B8ACC1DB6461F002177FE /* AppDelegate.swift */,
				F15B8ACE1DB6461F002177FE /* ViewController.swift */,
				F107EDEA1DB7A36F00116DAC /* UIImage+WJC.swift */,
				F107EDEC1DB7A38600116DAC /* UIColor+WJC.swift */,
				F15B8ADE1DB64684002177FE /* WJCAnimation */,
				F15B8AD31DB6461F002177FE /* Assets.xcassets */,
				F15B8AD51DB6461F002177FE /* LaunchScreen.storyboard */,
				F15B8AD81DB6461F002177FE /* Info.plist */,
			);
			path = Demo;
			sourceTree = "<group>";
		};
		F15B8ADE1DB64684002177FE /* WJCAnimation */ = {
			isa = PBXGroup;
			children = (
				F15B8ADF1DB64684002177FE /* WJCAnimation.swift */,
			);
			path = WJCAnimation;
			sourceTree = "<group>";
		};
/* End PBXGroup section */

/* Begin PBXNativeTarget section */
		F15B8AC81DB6461F002177FE /* Demo */ = {
			isa = PBXNativeTarget;
			buildConfigurationList = F15B8ADB1DB6461F002177FE /* Build configuration list for PBXNativeTarget "Demo" */;
			buildPhases = (
				F15B8AC51DB6461F002177FE /* Sources */,
				F15B8AC61DB6461F002177FE /* Frameworks */,
				F15B8AC71DB6461F002177FE /* Resources */,
			);
			buildRules = (
			);
			dependencies = (
			);
			name = Demo;
			productName = Demo;
			productReference = F15B8AC91DB6461F002177FE /* Demo.app */;
			productType = "com.apple.product-type.application";
		};
/* End PBXNativeTarget section */

/* Begin PBXProject section */
		F15B8AC11DB6461F002177FE /* Project object */ = {
			isa = PBXProject;
			attributes = {
				LastSwiftUpdateCheck = 0800;
				LastUpgradeCheck = 0800;
				ORGANIZATIONNAME = wjc2118;
				TargetAttributes = {
					F15B8AC81DB6461F002177FE = {
						CreatedOnToolsVersion = 8.0;
						ProvisioningStyle = Automatic;
					};
				};
			};
			buildConfigurationList = F15B8AC41DB6461F002177FE /* Build configuration list for PBXProject "Demo" */;
			compatibilityVersion = "Xcode 3.2";
			developmentRegion = English;
			hasScannedForEncodings = 0;
			knownRegions = (
				en,
				Base,
			);
			mainGroup = F15B8AC01DB6461F002177FE;
			productRefGroup = F15B8ACA1DB6461F002177FE /* Products */;
			projectDirPath = "";
			projectRoot = "";
			targets = (
				F15B8AC81DB6461F002177FE /* Demo */,
			);
		};
/* End PBXProject section */

/* Begin PBXResourcesBuildPhase section */
		F15B8AC71DB6461F002177FE /* Resources */ = {
			isa = PBXResourcesBuildPhase;
			buildActionMask = 2147483647;
			files = (
				F15B8AD71DB6461F002177FE /* LaunchScreen.storyboard in Resources */,
				F15B8AD41DB6461F002177FE /* Assets.xcassets in Resources */,
			);
			runOnlyForDeploymentPostprocessing = 0;
		};
/* End PBXResourcesBuildPhase section */

/* Begin PBXSourcesBuildPhase section */
		F15B8AC51DB6461F002177FE /* Sources */ = {
			isa = PBXSourcesBuildPhase;
			buildActionMask = 2147483647;
			files = (
				F107EDEB1DB7A36F00116DAC /* UIImage+WJC.swift in Sources */,
				F15B8ACF1DB6461F002177FE /* ViewController.swift in Sources */,
				F15B8AE01DB64684002177FE /* WJCAnimation.swift in Sources */,
				F15B8ACD1DB6461F002177FE /* AppDelegate.swift in Sources */,
				F107EDED1DB7A38600116DAC /* UIColor+WJC.swift in Sources */,
			);
			runOnlyForDeploymentPostprocessing = 0;
		};
/* End PBXSourcesBuildPhase section */

/* Begin PBXVariantGroup section */
		F15B8AD51DB6461F002177FE /* LaunchScreen.storyboard */ = {
			isa = PBXVariantGroup;
			children = (
				F15B8AD61DB6461F002177FE /* Base */,
			);
			name = LaunchScreen.storyboard;
			sourceTree = "<group>";
		};
/* End PBXVariantGroup section */

/* Begin XCBuildConfiguration section */
		F15B8AD91DB6461F002177FE /* Debug */ = {
			isa = XCBuildConfiguration;
			buildSettings = {
				ALWAYS_SEARCH_USER_PATHS = NO;
				CLANG_ANALYZER_NONNULL = YES;
				CLANG_CXX_LANGUAGE_STANDARD = "gnu++0x";
				CLANG_CXX_LIBRARY = "libc++";
				CLANG_ENABLE_MODULES = YES;
				CLANG_ENABLE_OBJC_ARC = YES;
				CLANG_WARN_BOOL_CONVERSION = YES;
				CLANG_WARN_CONSTANT_CONVERSION = YES;
				CLANG_WARN_DIRECT_OBJC_ISA_USAGE = YES_ERROR;
				CLANG_WARN_DOCUMENTATION_COMMENTS = YES;
				CLANG_WARN_EMPTY_BODY = YES;
				CLANG_WARN_ENUM_CONVERSION = YES;
				CLANG_WARN_INFINITE_RECURSION = YES;
				CLANG_WARN_INT_CONVERSION = YES;
				CLANG_WARN_OBJC_ROOT_CLASS = YES_ERROR;
				CLANG_WARN_SUSPICIOUS_MOVES = YES;
				CLANG_WARN_UNREACHABLE_CODE = YES;
				CLANG_WARN__DUPLICATE_METHOD_MATCH = YES;
				"CODE_SIGN_IDENTITY[sdk=iphoneos*]" = "iPhone Developer";
				COPY_PHASE_STRIP = NO;
				DEBUG_INFORMATION_FORMAT = dwarf;
				ENABLE_STRICT_OBJC_MSGSEND = YES;
				ENABLE_TESTABILITY = YES;
				GCC_C_LANGUAGE_STANDARD = gnu99;
				GCC_DYNAMIC_NO_PIC = NO;
				GCC_NO_COMMON_BLOCKS = YES;
				GCC_OPTIMIZATION_LEVEL = 0;
				GCC_PREPROCESSOR_DEFINITIONS = (
					"DEBUG=1",
					"$(inherited)",
				);
				GCC_WARN_64_TO_32_BIT_CONVERSION = YES;
				GCC_WARN_ABOUT_RETURN_TYPE = YES_ERROR;
				GCC_WARN_UNDECLARED_SELECTOR = YES;
				GCC_WARN_UNINITIALIZED_AUTOS = YES_AGGRESSIVE;
				GCC_WARN_UNUSED_FUNCTION = YES;
				GCC_WARN_UNUSED_VARIABLE = YES;
				IPHONEOS_DEPLOYMENT_TARGET = 10.0;
				MTL_ENABLE_DEBUG_INFO = YES;
				ONLY_ACTIVE_ARCH = YES;
				SDKROOT = iphoneos;
				SWIFT_ACTIVE_COMPILATION_CONDITIONS = DEBUG;
				SWIFT_OPTIMIZATION_LEVEL = "-Onone";
				TARGETED_DEVICE_FAMILY = "1,2";
			};
			name = Debug;
		};
		F15B8ADA1DB6461F002177FE /* Release */ = {
			isa = XCBuildConfiguration;
			buildSettings = {
				ALWAYS_SEARCH_USER_PATHS = NO;
				CLANG_ANALYZER_NONNULL = YES;
				CLANG_CXX_LANGUAGE_STANDARD = "gnu++0x";
				CLANG_CXX_LIBRARY = "libc++";
				CLANG_ENABLE_MODULES = YES;
				CLANG_ENABLE_OBJC_ARC = YES;
				CLANG_WARN_BOOL_CONVERSION = YES;
				CLANG_WARN_CONSTANT_CONVERSION = YES;
				CLANG_WARN_DIRECT_OBJC_ISA_USAGE = YES_ERROR;
				CLANG_WARN_DOCUMENTATION_COMMENTS = YES;
				CLANG_WARN_EMPTY_BODY = YES;
				CLANG_WARN_ENUM_CONVERSION = YES;
				CLANG_WARN_INFINITE_RECURSION = YES;
				CLANG_WARN_INT_CONVERSION = YES;
				CLANG_WARN_OBJC_ROOT_CLASS = YES_ERROR;
				CLANG_WARN_SUSPICIOUS_MOVES = YES;
				CLANG_WARN_UNREACHABLE_CODE = YES;
				CLANG_WARN__DUPLICATE_METHOD_MATCH = YES;
				"CODE_SIGN_IDENTITY[sdk=iphoneos*]" = "iPhone Developer";
				COPY_PHASE_STRIP = NO;
				DEBUG_INFORMATION_FORMAT = "dwarf-with-dsym";
				ENABLE_NS_ASSERTIONS = NO;
				ENABLE_STRICT_OBJC_MSGSEND = YES;
				GCC_C_LANGUAGE_STANDARD = gnu99;
				GCC_NO_COMMON_BLOCKS = YES;
				GCC_WARN_64_TO_32_BIT_CONVERSION = YES;
				GCC_WARN_ABOUT_RETURN_TYPE = YES_ERROR;
				GCC_WARN_UNDECLARED_SELECTOR = YES;
				GCC_WARN_UNINITIALIZED_AUTOS = YES_AGGRESSIVE;
				GCC_WARN_UNUSED_FUNCTION = YES;
				GCC_WARN_UNUSED_VARIABLE = YES;
				IPHONEOS_DEPLOYMENT_TARGET = 10.0;
				MTL_ENABLE_DEBUG_INFO = NO;
				SDKROOT = iphoneos;
				SWIFT_OPTIMIZATION_LEVEL = "-Owholemodule";
				TARGETED_DEVICE_FAMILY = "1,2";
				VALIDATE_PRODUCT = YES;
			};
			name = Release;
		};
		F15B8ADC1DB6461F002177FE /* Debug */ = {
			isa = XCBuildConfiguration;
			buildSettings = {
				ASSETCATALOG_COMPILER_APPICON_NAME = AppIcon;
				DEVELOPMENT_TEAM = "";
				INFOPLIST_FILE = Demo/Info.plist;
				LD_RUNPATH_SEARCH_PATHS = "$(inherited) @executable_path/Frameworks";
				PRODUCT_BUNDLE_IDENTIFIER = wjc2118.Demo;
				PRODUCT_NAME = "$(TARGET_NAME)";
				SWIFT_VERSION = 3.0;
			};
			name = Debug;
		};
		F15B8ADD1DB6461F002177FE /* Release */ = {
			isa = XCBuildConfiguration;
			buildSettings = {
				ASSETCATALOG_COMPILER_APPICON_NAME = AppIcon;
				DEVELOPMENT_TEAM = "";
				INFOPLIST_FILE = Demo/Info.plist;
				LD_RUNPATH_SEARCH_PATHS = "$(inherited) @executable_path/Frameworks";
				PRODUCT_BUNDLE_IDENTIFIER = wjc2118.Demo;
				PRODUCT_NAME = "$(TARGET_NAME)";
				SWIFT_VERSION = 3.0;
			};
			name = Release;
		};
/* End XCBuildConfiguration section */

/* Begin XCConfigurationList section */
		F15B8AC41DB6461F002177FE /* Build configuration list for PBXProject "Demo" */ = {
			isa = XCConfigurationList;
			buildConfigurations = (
				F15B8AD91DB6461F002177FE /* Debug */,
				F15B8ADA1DB6461F002177FE /* Release */,
			);
			defaultConfigurationIsVisible = 0;
			defaultConfigurationName = Release;
		};
		F15B8ADB1DB6461F002177FE /* Build configuration list for PBXNativeTarget "Demo" */ = {
			isa = XCConfigurationList;
			buildConfigurations = (
				F15B8ADC1DB6461F002177FE /* Debug */,
				F15B8ADD1DB6461F002177FE /* Release */,
			);
			defaultConfigurationIsVisible = 0;
			defaultConfigurationName = Release;
		};
/* End XCConfigurationList section */
	};
	rootObject = F15B8AC11DB6461F002177FE /* Project object */;
}
